
Microsoft Visual Studio Solution File, Format Version 12.00
# Visual Studio Version 16
VisualStudioVersion = 16.0.31313.79
MinimumVisualStudioVersion = 10.0.40219.1
Project("{8BC9CEB8-8B4A-11D0-8D11-00A0C91BC942}") = "DriverRW", "DriverRW.vcxproj", "{08141DF1-CDF4-4531-8047-413F774E4758}"
EndProject
Project("{8BC9CEB8-8B4A-11D0-8D11-00A0C91BC942}") = "三环测试", "..\三环测试\三环测试.vcxproj", "{D419397B-725A-4D2B-924D-B207326D6D4C}"
EndProject
Project("{8BC9CEB8-8B4A-11D0-8D11-00A0C91BC942}") = "三环测试_win10", "..\三环测试_win10\三环测试_win10.vcxproj", "{8B88FE7D-8D47-4D46-A1CC-55EE18BA957A}"
EndProject
Project("{8BC9CEB8-8B4A-11D0-8D11-00A0C91BC942}") = "线程劫持测试程序", "..\线程劫持测试程序\线程劫持测试程序.vcxproj", "{6757E21C-5D0E-4C3B-A449-E6FD2461E9D2}"
EndProject
Project("{8BC9CEB8-8B4A-11D0-8D11-00A0C91BC942}") = "DriverRw_R3", "..\DriverRw_R3\DriverRw_R3.vcxproj", "{77950176-4889-4827-8F7A-D6CEFE7F28AA}"
EndProject
Global
	GlobalSection(SolutionConfigurationPlatforms) = preSolution
		Debug|ARM = Debug|ARM
		Debug|ARM64 = Debug|ARM64
		Debug|x64 = Debug|x64
		Debug|x86 = Debug|x86
		Release|ARM = Release|ARM
		Release|ARM64 = Release|ARM64
		Release|x64 = Release|x64
		Release|x86 = Release|x86
	EndGlobalSection
	GlobalSection(ProjectConfigurationPlatforms) = postSolution
		{08141DF1-CDF4-4531-8047-413F774E4758}.Debug|ARM.ActiveCfg = Debug|ARM
		{08141DF1-CDF4-4531-8047-413F774E4758}.Debug|ARM.Build.0 = Debug|ARM
		{08141DF1-CDF4-4531-8047-413F774E4758}.Debug|ARM.Deploy.0 = Debug|ARM
		{08141DF1-CDF4-4531-8047-413F774E4758}.Debug|ARM64.ActiveCfg = Debug|ARM64
		{08141DF1-CDF4-4531-8047-413F774E4758}.Debug|ARM64.Build.0 = Debug|ARM64
		{08141DF1-CDF4-4531-8047-413F774E4758}.Debug|ARM64.Deploy.0 = Debug|ARM64
		{08141DF1-CDF4-4531-8047-413F774E4758}.Debug|x64.ActiveCfg = Debug|x64
		{08141DF1-CDF4-4531-8047-413F774E4758}.Debug|x64.Build.0 = Debug|x64
		{08141DF1-CDF4-4531-8047-413F774E4758}.Debug|x64.Deploy.0 = Debug|x64
		{08141DF1-CDF4-4531-8047-413F774E4758}.Debug|x86.ActiveCfg = Debug|Win32
		{08141DF1-CDF4-4531-8047-413F774E4758}.Debug|x86.Build.0 = Debug|Win32
		{08141DF1-CDF4-4531-8047-413F774E4758}.Debug|x86.Deploy.0 = Debug|Win32
		{08141DF1-CDF4-4531-8047-413F774E4758}.Release|ARM.ActiveCfg = Release|ARM
		{08141DF1-CDF4-4531-8047-413F774E4758}.Release|ARM.Build.0 = Release|ARM
		{08141DF1-CDF4-4531-8047-413F774E4758}.Release|ARM.Deploy.0 = Release|ARM
		{08141DF1-CDF4-4531-8047-413F774E4758}.Release|ARM64.ActiveCfg = Release|ARM64
		{08141DF1-CDF4-4531-8047-413F774E4758}.Release|ARM64.Build.0 = Release|ARM64
		{08141DF1-CDF4-4531-8047-413F774E4758}.Release|ARM64.Deploy.0 = Release|ARM64
		{08141DF1-CDF4-4531-8047-413F774E4758}.Release|x64.ActiveCfg = Release|x64
		{08141DF1-CDF4-4531-8047-413F774E4758}.Release|x64.Build.0 = Release|x64
		{08141DF1-CDF4-4531-8047-413F774E4758}.Release|x64.Deploy.0 = Release|x64
		{08141DF1-CDF4-4531-8047-413F774E4758}.Release|x86.ActiveCfg = Release|Win32
		{08141DF1-CDF4-4531-8047-413F774E4758}.Release|x86.Build.0 = Release|Win32
		{08141DF1-CDF4-4531-8047-413F774E4758}.Release|x86.Deploy.0 = Release|Win32
		{D419397B-725A-4D2B-924D-B207326D6D4C}.Debug|ARM.ActiveCfg = Debug|Win32
		{D419397B-725A-4D2B-924D-B207326D6D4C}.Debug|ARM64.ActiveCfg = Debug|Win32
		{D419397B-725A-4D2B-924D-B207326D6D4C}.Debug|x64.ActiveCfg = Debug|x64
		{D419397B-725A-4D2B-924D-B207326D6D4C}.Debug|x64.Build.0 = Debug|x64
		{D419397B-725A-4D2B-924D-B207326D6D4C}.Debug|x86.ActiveCfg = Debug|Win32
		{D419397B-725A-4D2B-924D-B207326D6D4C}.Debug|x86.Build.0 = Debug|Win32
		{D419397B-725A-4D2B-924D-B207326D6D4C}.Release|ARM.ActiveCfg = Release|Win32
		{D419397B-725A-4D2B-924D-B207326D6D4C}.Release|ARM64.ActiveCfg = Release|Win32
		{D419397B-725A-4D2B-924D-B207326D6D4C}.Release|x64.ActiveCfg = Release|x64
		{D419397B-725A-4D2B-924D-B207326D6D4C}.Release|x64.Build.0 = Release|x64
		{D419397B-725A-4D2B-924D-B207326D6D4C}.Release|x86.ActiveCfg = Release|Win32
		{D419397B-725A-4D2B-924D-B207326D6D4C}.Release|x86.Build.0 = Release|Win32
		{8B88FE7D-8D47-4D46-A1CC-55EE18BA957A}.Debug|ARM.ActiveCfg = Debug|Win32
		{8B88FE7D-8D47-4D46-A1CC-55EE18BA957A}.Debug|ARM64.ActiveCfg = Debug|Win32
		{8B88FE7D-8D47-4D46-A1CC-55EE18BA957A}.Debug|x64.ActiveCfg = Debug|x64
		{8B88FE7D-8D47-4D46-A1CC-55EE18BA957A}.Debug|x64.Build.0 = Debug|x64
		{8B88FE7D-8D47-4D46-A1CC-55EE18BA957A}.Debug|x86.ActiveCfg = Debug|Win32
		{8B88FE7D-8D47-4D46-A1CC-55EE18BA957A}.Debug|x86.Build.0 = Debug|Win32
		{8B88FE7D-8D47-4D46-A1CC-55EE18BA957A}.Release|ARM.ActiveCfg = Release|Win32
		{8B88FE7D-8D47-4D46-A1CC-55EE18BA957A}.Release|ARM64.ActiveCfg = Release|Win32
		{8B88FE7D-8D47-4D46-A1CC-55EE18BA957A}.Release|x64.ActiveCfg = Release|x64
		{8B88FE7D-8D47-4D46-A1CC-55EE18BA957A}.Release|x64.Build.0 = Release|x64
		{8B88FE7D-8D47-4D46-A1CC-55EE18BA957A}.Release|x86.ActiveCfg = Release|Win32
		{8B88FE7D-8D47-4D46-A1CC-55EE18BA957A}.Release|x86.Build.0 = Release|Win32
		{6757E21C-5D0E-4C3B-A449-E6FD2461E9D2}.Debug|ARM.ActiveCfg = Debug|Win32
		{6757E21C-5D0E-4C3B-A449-E6FD2461E9D2}.Debug|ARM64.ActiveCfg = Debug|Win32
		{6757E21C-5D0E-4C3B-A449-E6FD2461E9D2}.Debug|x64.ActiveCfg = Debug|x64
		{6757E21C-5D0E-4C3B-A449-E6FD2461E9D2}.Debug|x64.Build.0 = Debug|x64
		{6757E21C-5D0E-4C3B-A449-E6FD2461E9D2}.Debug|x86.ActiveCfg = Debug|Win32
		{6757E21C-5D0E-4C3B-A449-E6FD2461E9D2}.Debug|x86.Build.0 = Debug|Win32
		{6757E21C-5D0E-4C3B-A449-E6FD2461E9D2}.Release|ARM.ActiveCfg = Release|Win32
		{6757E21C-5D0E-4C3B-A449-E6FD2461E9D2}.Release|ARM64.ActiveCfg = Release|Win32
		{6757E21C-5D0E-4C3B-A449-E6FD2461E9D2}.Release|x64.ActiveCfg = Release|x64
		{6757E21C-5D0E-4C3B-A449-E6FD2461E9D2}.Release|x64.Build.0 = Release|x64
		{6757E21C-5D0E-4C3B-A449-E6FD2461E9D2}.Release|x86.ActiveCfg = Release|Win32
		{6757E21C-5D0E-4C3B-A449-E6FD2461E9D2}.Release|x86.Build.0 = Release|Win32
		{77950176-4889-4827-8F7A-D6CEFE7F28AA}.Debug|ARM.ActiveCfg = Debug|Win32
		{77950176-4889-4827-8F7A-D6CEFE7F28AA}.Debug|ARM64.ActiveCfg = Debug|Win32
		{77950176-4889-4827-8F7A-D6CEFE7F28AA}.Debug|x64.ActiveCfg = Debug|x64
		{77950176-4889-4827-8F7A-D6CEFE7F28AA}.Debug|x64.Build.0 = Debug|x64
		{77950176-4889-4827-8F7A-D6CEFE7F28AA}.Debug|x86.ActiveCfg = Debug|Win32
		{77950176-4889-4827-8F7A-D6CEFE7F28AA}.Debug|x86.Build.0 = Debug|Win32
		{77950176-4889-4827-8F7A-D6CEFE7F28AA}.Release|ARM.ActiveCfg = Release|Win32
		{77950176-4889-4827-8F7A-D6CEFE7F28AA}.Release|ARM64.ActiveCfg = Release|Win32
		{77950176-4889-4827-8F7A-D6CEFE7F28AA}.Release|x64.ActiveCfg = Release|x64
		{77950176-4889-4827-8F7A-D6CEFE7F28AA}.Release|x64.Build.0 = Release|x64
		{77950176-4889-4827-8F7A-D6CEFE7F28AA}.Release|x86.ActiveCfg = Release|Win32
		{77950176-4889-4827-8F7A-D6CEFE7F28AA}.Release|x86.Build.0 = Release|Win32
	EndGlobalSection
	GlobalSection(SolutionProperties) = preSolution
		HideSolutionNode = FALSE
	EndGlobalSection
	GlobalSection(ExtensibilityGlobals) = postSolution
		SolutionGuid = {08D3DC9C-ADEF-4FE2-B01C-067F630B2DA4}
	EndGlobalSection
EndGlobal
